
Microsoft Visual Studio Solution File, Format Version 12.00
# Visual Studio Version 16
VisualStudioVersion = 16.0.32002.261
MinimumVisualStudioVersion = 10.0.40219.1
Project("{FAE04EC0-301F-11D3-BF4B-00C04F79EFBC}") = "kpopCompany.UWP", "kpopCompany\kpopCompany.UWP\kpopCompany.UWP.csproj", "{9981A06C-F562-463A-B6C2-19A6E6022D2D}"
EndProject
Project("{FAE04EC0-301F-11D3-BF4B-00C04F79EFBC}") = "kpopCompany.Android", "kpopCompany\kpopCompany.Android\kpopCompany.Android.csproj", "{4ED388D5-8D86-4E92-9CA1-1032534E6DB1}"
EndProject
Project("{FAE04EC0-301F-11D3-BF4B-00C04F79EFBC}") = "kpopCompany.iOS", "kpopCompany\kpopCompany.iOS\kpopCompany.iOS.csproj", "{3D6707BB-AD33-4B3B-9934-DAC26D2BA99D}"
EndProject
Project("{FAE04EC0-301F-11D3-BF4B-00C04F79EFBC}") = "kpopCompany", "kpopCompany\kpopCompany\kpopCompany.csproj", "{965B31DB-83F0-420B-A051-0719E0815320}"
EndProject
Global
	GlobalSection(SolutionConfigurationPlatforms) = preSolution
		Debug|Any CPU = Debug|Any CPU
		Debug|ARM = Debug|ARM
		Debug|iPhone = Debug|iPhone
		Debug|iPhoneSimulator = Debug|iPhoneSimulator
		Debug|x64 = Debug|x64
		Debug|x86 = Debug|x86
		Release|Any CPU = Release|Any CPU
		Release|ARM = Release|ARM
		Release|iPhone = Release|iPhone
		Release|iPhoneSimulator = Release|iPhoneSimulator
		Release|x64 = Release|x64
		Release|x86 = Release|x86
	EndGlobalSection
	GlobalSection(ProjectConfigurationPlatforms) = postSolution
		{9981A06C-F562-463A-B6C2-19A6E6022D2D}.Debug|Any CPU.ActiveCfg = Debug|x86
		{9981A06C-F562-463A-B6C2-19A6E6022D2D}.Debug|Any CPU.Build.0 = Debug|x86
		{9981A06C-F562-463A-B6C2-19A6E6022D2D}.Debug|Any CPU.Deploy.0 = Debug|x86
		{9981A06C-F562-463A-B6C2-19A6E6022D2D}.Debug|ARM.ActiveCfg = Debug|ARM
		{9981A06C-F562-463A-B6C2-19A6E6022D2D}.Debug|ARM.Build.0 = Debug|ARM
		{9981A06C-F562-463A-B6C2-19A6E6022D2D}.Debug|ARM.Deploy.0 = Debug|ARM
		{9981A06C-F562-463A-B6C2-19A6E6022D2D}.Debug|iPhone.ActiveCfg = Debug|x86
		{9981A06C-F562-463A-B6C2-19A6E6022D2D}.Debug|iPhone.Build.0 = Debug|x86
		{9981A06C-F562-463A-B6C2-19A6E6022D2D}.Debug|iPhone.Deploy.0 = Debug|x86
		{9981A06C-F562-463A-B6C2-19A6E6022D2D}.Debug|iPhoneSimulator.ActiveCfg = Debug|x86
		{9981A06C-F562-463A-B6C2-19A6E6022D2D}.Debug|iPhoneSimulator.Build.0 = Debug|x86
		{9981A06C-F562-463A-B6C2-19A6E6022D2D}.Debug|iPhoneSimulator.Deploy.0 = Debug|x86
		{9981A06C-F562-463A-B6C2-19A6E6022D2D}.Debug|x64.ActiveCfg = Debug|x64
		{9981A06C-F562-463A-B6C2-19A6E6022D2D}.Debug|x64.Build.0 = Debug|x64
		{9981A06C-F562-463A-B6C2-19A6E6022D2D}.Debug|x64.Deploy.0 = Debug|x64
		{9981A06C-F562-463A-B6C2-19A6E6022D2D}.Debug|x86.ActiveCfg = Debug|x86
		{9981A06C-F562-463A-B6C2-19A6E6022D2D}.Debug|x86.Build.0 = Debug|x86
		{9981A06C-F562-463A-B6C2-19A6E6022D2D}.Debug|x86.Deploy.0 = Debug|x86
		{9981A06C-F562-463A-B6C2-19A6E6022D2D}.Release|Any CPU.ActiveCfg = Release|x86
		{9981A06C-F562-463A-B6C2-19A6E6022D2D}.Release|Any CPU.Build.0 = Release|x86
		{9981A06C-F562-463A-B6C2-19A6E6022D2D}.Release|Any CPU.Deploy.0 = Release|x86
		{9981A06C-F562-463A-B6C2-19A6E6022D2D}.Release|ARM.ActiveCfg = Release|ARM
		{9981A06C-F562-463A-B6C2-19A6E6022D2D}.Release|ARM.Build.0 = Release|ARM
		{9981A06C-F562-463A-B6C2-19A6E6022D2D}.Release|ARM.Deploy.0 = Release|ARM
		{9981A06C-F562-463A-B6C2-19A6E6022D2D}.Release|iPhone.ActiveCfg = Release|x86
		{9981A06C-F562-463A-B6C2-19A6E6022D2D}.Release|iPhone.Build.0 = Release|x86
		{9981A06C-F562-463A-B6C2-19A6E6022D2D}.Release|iPhone.Deploy.0 = Release|x86
		{9981A06C-F562-463A-B6C2-19A6E6022D2D}.Release|iPhoneSimulator.ActiveCfg = Release|x86
		{9981A06C-F562-463A-B6C2-19A6E6022D2D}.Release|iPhoneSimulator.Build.0 = Release|x86
		{9981A06C-F562-463A-B6C2-19A6E6022D2D}.Release|iPhoneSimulator.Deploy.0 = Release|x86
		{9981A06C-F562-463A-B6C2-19A6E6022D2D}.Release|x64.ActiveCfg = Release|x64
		{9981A06C-F562-463A-B6C2-19A6E6022D2D}.Release|x64.Build.0 = Release|x64
		{9981A06C-F562-463A-B6C2-19A6E6022D2D}.Release|x64.Deploy.0 = Release|x64
		{9981A06C-F562-463A-B6C2-19A6E6022D2D}.Release|x86.ActiveCfg = Release|x86
		{9981A06C-F562-463A-B6C2-19A6E6022D2D}.Release|x86.Build.0 = Release|x86
		{9981A06C-F562-463A-B6C2-19A6E6022D2D}.Release|x86.Deploy.0 = Release|x86
		{4ED388D5-8D86-4E92-9CA1-1032534E6DB1}.Debug|Any CPU.ActiveCfg = Debug|Any CPU
		{4ED388D5-8D86-4E92-9CA1-1032534E6DB1}.Debug|Any CPU.Build.0 = Debug|Any CPU
		{4ED388D5-8D86-4E92-9CA1-1032534E6DB1}.Debug|Any CPU.Deploy.0 = Debug|Any CPU
		{4ED388D5-8D86-4E92-9CA1-1032534E6DB1}.Debug|ARM.ActiveCfg = Debug|Any CPU
		{4ED388D5-8D86-4E92-9CA1-1032534E6DB1}.Debug|ARM.Build.0 = Debug|Any CPU
		{4ED388D5-8D86-4E92-9CA1-1032534E6DB1}.Debug|ARM.Deploy.0 = Debug|Any CPU
		{4ED388D5-8D86-4E92-9CA1-1032534E6DB1}.Debug|iPhone.ActiveCfg = Debug|Any CPU
		{4ED388D5-8D86-4E92-9CA1-1032534E6DB1}.Debug|iPhone.Build.0 = Debug|Any CPU
		{4ED388D5-8D86-4E92-9CA1-1032534E6DB1}.Debug|iPhone.Deploy.0 = Debug|Any CPU
		{4ED388D5-8D86-4E92-9CA1-1032534E6DB1}.Debug|iPhoneSimulator.ActiveCfg = Debug|Any CPU
		{4ED388D5-8D86-4E92-9CA1-1032534E6DB1}.Debug|iPhoneSimulator.Build.0 = Debug|Any CPU
		{4ED388D5-8D86-4E92-9CA1-1032534E6DB1}.Debug|iPhoneSimulator.Deploy.0 = Debug|Any CPU
		{4ED388D5-8D86-4E92-9CA1-1032534E6DB1}.Debug|x64.ActiveCfg = Debug|Any CPU
		{4ED388D5-8D86-4E92-9CA1-1032534E6DB1}.Debug|x64.Build.0 = Debug|Any CPU
		{4ED388D5-8D86-4E92-9CA1-1032534E6DB1}.Debug|x64.Deploy.0 = Debug|Any CPU
		{4ED388D5-8D86-4E92-9CA1-1032534E6DB1}.Debug|x86.ActiveCfg = Debug|Any CPU
		{4ED388D5-8D86-4E92-9CA1-1032534E6DB1}.Debug|x86.Build.0 = Debug|Any CPU
		{4ED388D5-8D86-4E92-9CA1-1032534E6DB1}.Debug|x86.Deploy.0 = Debug|Any CPU
		{4ED388D5-8D86-4E92-9CA1-1032534E6DB1}.Release|Any CPU.ActiveCfg = Release|Any CPU
		{4ED388D5-8D86-4E92-9CA1-1032534E6DB1}.Release|Any CPU.Build.0 = Release|Any CPU
		{4ED388D5-8D86-4E92-9CA1-1032534E6DB1}.Release|Any CPU.Deploy.0 = Release|Any CPU
		{4ED388D5-8D86-4E92-9CA1-1032534E6DB1}.Release|ARM.ActiveCfg = Release|Any CPU
		{4ED388D5-8D86-4E92-9CA1-1032534E6DB1}.Release|ARM.Build.0 = Release|Any CPU
		{4ED388D5-8D86-4E92-9CA1-1032534E6DB1}.Release|ARM.Deploy.0 = Release|Any CPU
		{4ED388D5-8D86-4E92-9CA1-1032534E6DB1}.Release|iPhone.ActiveCfg = Release|Any CPU
		{4ED388D5-8D86-4E92-9CA1-1032534E6DB1}.Release|iPhone.Build.0 = Release|Any CPU
		{4ED388D5-8D86-4E92-9CA1-1032534E6DB1}.Release|iPhone.Deploy.0 = Release|Any CPU
		{4ED388D5-8D86-4E92-9CA1-1032534E6DB1}.Release|iPhoneSimulator.ActiveCfg = Release|Any CPU
		{4ED388D5-8D86-4E92-9CA1-1032534E6DB1}.Release|iPhoneSimulator.Build.0 = Release|Any CPU
		{4ED388D5-8D86-4E92-9CA1-1032534E6DB1}.Release|iPhoneSimulator.Deploy.0 = Release|Any CPU
		{4ED388D5-8D86-4E92-9CA1-1032534E6DB1}.Release|x64.ActiveCfg = Release|Any CPU
		{4ED388D5-8D86-4E92-9CA1-1032534E6DB1}.Release|x64.Build.0 = Release|Any CPU
		{4ED388D5-8D86-4E92-9CA1-1032534E6DB1}.Release|x64.Deploy.0 = Release|Any CPU
		{4ED388D5-8D86-4E92-9CA1-1032534E6DB1}.Release|x86.ActiveCfg = Release|Any CPU
		{4ED388D5-8D86-4E92-9CA1-1032534E6DB1}.Release|x86.Build.0 = Release|Any CPU
		{4ED388D5-8D86-4E92-9CA1-1032534E6DB1}.Release|x86.Deploy.0 = Release|Any CPU
		{3D6707BB-AD33-4B3B-9934-DAC26D2BA99D}.Debug|Any CPU.ActiveCfg = Debug|iPhoneSimulator
		{3D6707BB-AD33-4B3B-9934-DAC26D2BA99D}.Debug|Any CPU.Build.0 = Debug|iPhoneSimulator
		{3D6707BB-AD33-4B3B-9934-DAC26D2BA99D}.Debug|Any CPU.Deploy.0 = Debug|iPhoneSimulator
		{3D6707BB-AD33-4B3B-9934-DAC26D2BA99D}.Debug|ARM.ActiveCfg = Debug|iPhone
		{3D6707BB-AD33-4B3B-9934-DAC26D2BA99D}.Debug|ARM.Build.0 = Debug|iPhone
		{3D6707BB-AD33-4B3B-9934-DAC26D2BA99D}.Debug|ARM.Deploy.0 = Debug|iPhone
		{3D6707BB-AD33-4B3B-9934-DAC26D2BA99D}.Debug|iPhone.ActiveCfg = Debug|iPhone
		{3D6707BB-AD33-4B3B-9934-DAC26D2BA99D}.Debug|iPhone.Build.0 = Debug|iPhone
		{3D6707BB-AD33-4B3B-9934-DAC26D2BA99D}.Debug|iPhone.Deploy.0 = Debug|iPhone
		{3D6707BB-AD33-4B3B-9934-DAC26D2BA99D}.Debug|iPhoneSimulator.ActiveCfg = Debug|iPhoneSimulator
		{3D6707BB-AD33-4B3B-9934-DAC26D2BA99D}.Debug|iPhoneSimulator.Build.0 = Debug|iPhoneSimulator
		{3D6707BB-AD33-4B3B-9934-DAC26D2BA99D}.Debug|iPhoneSimulator.Deploy.0 = Debug|iPhoneSimulator
		{3D6707BB-AD33-4B3B-9934-DAC26D2BA99D}.Debug|x64.ActiveCfg = Debug|iPhoneSimulator
		{3D6707BB-AD33-4B3B-9934-DAC26D2BA99D}.Debug|x64.Build.0 = Debug|iPhoneSimulator
		{3D6707BB-AD33-4B3B-9934-DAC26D2BA99D}.Debug|x64.Deploy.0 = Debug|iPhoneSimulator
		{3D6707BB-AD33-4B3B-9934-DAC26D2BA99D}.Debug|x86.ActiveCfg = Debug|iPhoneSimulator
		{3D6707BB-AD33-4B3B-9934-DAC26D2BA99D}.Debug|x86.Build.0 = Debug|iPhoneSimulator
		{3D6707BB-AD33-4B3B-9934-DAC26D2BA99D}.Debug|x86.Deploy.0 = Debug|iPhoneSimulator
		{3D6707BB-AD33-4B3B-9934-DAC26D2BA99D}.Release|Any CPU.ActiveCfg = Release|iPhoneSimulator
		{3D6707BB-AD33-4B3B-9934-DAC26D2BA99D}.Release|Any CPU.Build.0 = Release|iPhoneSimulator
		{3D6707BB-AD33-4B3B-9934-DAC26D2BA99D}.Release|Any CPU.Deploy.0 = Release|iPhoneSimulator
		{3D6707BB-AD33-4B3B-9934-DAC26D2BA99D}.Release|ARM.ActiveCfg = Release|iPhoneSimulator
		{3D6707BB-AD33-4B3B-9934-DAC26D2BA99D}.Release|ARM.Build.0 = Release|iPhoneSimulator
		{3D6707BB-AD33-4B3B-9934-DAC26D2BA99D}.Release|ARM.Deploy.0 = Release|iPhoneSimulator
		{3D6707BB-AD33-4B3B-9934-DAC26D2BA99D}.Release|iPhone.ActiveCfg = Release|iPhone
		{3D6707BB-AD33-4B3B-9934-DAC26D2BA99D}.Release|iPhone.Build.0 = Release|iPhone
		{3D6707BB-AD33-4B3B-9934-DAC26D2BA99D}.Release|iPhone.Deploy.0 = Release|iPhone
		{3D6707BB-AD33-4B3B-9934-DAC26D2BA99D}.Release|iPhoneSimulator.ActiveCfg = Release|iPhoneSimulator
		{3D6707BB-AD33-4B3B-9934-DAC26D2BA99D}.Release|iPhoneSimulator.Build.0 = Release|iPhoneSimulator
		{3D6707BB-AD33-4B3B-9934-DAC26D2BA99D}.Release|iPhoneSimulator.Deploy.0 = Release|iPhoneSimulator
		{3D6707BB-AD33-4B3B-9934-DAC26D2BA99D}.Release|x64.ActiveCfg = Release|iPhoneSimulator
		{3D6707BB-AD33-4B3B-9934-DAC26D2BA99D}.Release|x64.Build.0 = Release|iPhoneSimulator
		{3D6707BB-AD33-4B3B-9934-DAC26D2BA99D}.Release|x64.Deploy.0 = Release|iPhoneSimulator
		{3D6707BB-AD33-4B3B-9934-DAC26D2BA99D}.Release|x86.ActiveCfg = Release|iPhoneSimulator
		{3D6707BB-AD33-4B3B-9934-DAC26D2BA99D}.Release|x86.Build.0 = Release|iPhoneSimulator
		{3D6707BB-AD33-4B3B-9934-DAC26D2BA99D}.Release|x86.Deploy.0 = Release|iPhoneSimulator
		{965B31DB-83F0-420B-A051-0719E0815320}.Debug|Any CPU.ActiveCfg = Debug|Any CPU
		{965B31DB-83F0-420B-A051-0719E0815320}.Debug|Any CPU.Build.0 = Debug|Any CPU
		{965B31DB-83F0-420B-A051-0719E0815320}.Debug|Any CPU.Deploy.0 = Debug|Any CPU
		{965B31DB-83F0-420B-A051-0719E0815320}.Debug|ARM.ActiveCfg = Debug|Any CPU
		{965B31DB-83F0-420B-A051-0719E0815320}.Debug|ARM.Build.0 = Debug|Any CPU
		{965B31DB-83F0-420B-A051-0719E0815320}.Debug|ARM.Deploy.0 = Debug|Any CPU
		{965B31DB-83F0-420B-A051-0719E0815320}.Debug|iPhone.ActiveCfg = Debug|Any CPU
		{965B31DB-83F0-420B-A051-0719E0815320}.Debug|iPhone.Build.0 = Debug|Any CPU
		{965B31DB-83F0-420B-A051-0719E0815320}.Debug|iPhone.Deploy.0 = Debug|Any CPU
		{965B31DB-83F0-420B-A051-0719E0815320}.Debug|iPhoneSimulator.ActiveCfg = Debug|Any CPU
		{965B31DB-83F0-420B-A051-0719E0815320}.Debug|iPhoneSimulator.Build.0 = Debug|Any CPU
		{965B31DB-83F0-420B-A051-0719E0815320}.Debug|iPhoneSimulator.Deploy.0 = Debug|Any CPU
		{965B31DB-83F0-420B-A051-0719E0815320}.Debug|x64.ActiveCfg = Debug|Any CPU
		{965B31DB-83F0-420B-A051-0719E0815320}.Debug|x64.Build.0 = Debug|Any CPU
		{965B31DB-83F0-420B-A051-0719E0815320}.Debug|x64.Deploy.0 = Debug|Any CPU
		{965B31DB-83F0-420B-A051-0719E0815320}.Debug|x86.ActiveCfg = Debug|Any CPU
		{965B31DB-83F0-420B-A051-0719E0815320}.Debug|x86.Build.0 = Debug|Any CPU
		{965B31DB-83F0-420B-A051-0719E0815320}.Debug|x86.Deploy.0 = Debug|Any CPU
		{965B31DB-83F0-420B-A051-0719E0815320}.Release|Any CPU.ActiveCfg = Release|Any CPU
		{965B31DB-83F0-420B-A051-0719E0815320}.Release|Any CPU.Build.0 = Release|Any CPU
		{965B31DB-83F0-420B-A051-0719E0815320}.Release|Any CPU.Deploy.0 = Release|Any CPU
		{965B31DB-83F0-420B-A051-0719E0815320}.Release|ARM.ActiveCfg = Release|Any CPU
		{965B31DB-83F0-420B-A051-0719E0815320}.Release|ARM.Build.0 = Release|Any CPU
		{965B31DB-83F0-420B-A051-0719E0815320}.Release|ARM.Deploy.0 = Release|Any CPU
		{965B31DB-83F0-420B-A051-0719E0815320}.Release|iPhone.ActiveCfg = Release|Any CPU
		{965B31DB-83F0-420B-A051-0719E0815320}.Release|iPhone.Build.0 = Release|Any CPU
		{965B31DB-83F0-420B-A051-0719E0815320}.Release|iPhone.Deploy.0 = Release|Any CPU
		{965B31DB-83F0-420B-A051-0719E0815320}.Release|iPhoneSimulator.ActiveCfg = Release|Any CPU
		{965B31DB-83F0-420B-A051-0719E0815320}.Release|iPhoneSimulator.Build.0 = Release|Any CPU
		{965B31DB-83F0-420B-A051-0719E0815320}.Release|iPhoneSimulator.Deploy.0 = Release|Any CPU
		{965B31DB-83F0-420B-A051-0719E0815320}.Release|x64.ActiveCfg = Release|Any CPU
		{965B31DB-83F0-420B-A051-0719E0815320}.Release|x64.Build.0 = Release|Any CPU
		{965B31DB-83F0-420B-A051-0719E0815320}.Release|x64.Deploy.0 = Release|Any CPU
		{965B31DB-83F0-420B-A051-0719E0815320}.Release|x86.ActiveCfg = Release|Any CPU
		{965B31DB-83F0-420B-A051-0719E0815320}.Release|x86.Build.0 = Release|Any CPU
		{965B31DB-83F0-420B-A051-0719E0815320}.Release|x86.Deploy.0 = Release|Any CPU
	EndGlobalSection
	GlobalSection(SolutionProperties) = preSolution
		HideSolutionNode = FALSE
	EndGlobalSection
	GlobalSection(ExtensibilityGlobals) = postSolution
		SolutionGuid = {2067D7C3-F258-4F35-BBF3-5B7450A58DE8}
	EndGlobalSection
EndGlobal
